
Microsoft Visual Studio Solution File, Format Version 12.00
# Visual Studio Version 16
VisualStudioVersion = 16.0.31515.178
MinimumVisualStudioVersion = 10.0.40219.1
Project("{FAE04EC0-301F-11D3-BF4B-00C04F79EFBC}") = "address_book_tests_autoit", "address_book_tests_autoit\address_book_tests_autoit.csproj", "{ABF872B3-5640-4397-8685-25D32C66E642}"
EndProject
Global
	GlobalSection(SolutionConfigurationPlatforms) = preSolution
		Debug|Any CPU = Debug|Any CPU
		Release|Any CPU = Release|Any CPU
	EndGlobalSection
	GlobalSection(ProjectConfigurationPlatforms) = postSolution
		{ABF872B3-5640-4397-8685-25D32C66E642}.Debug|Any CPU.ActiveCfg = Debug|Any CPU
		{ABF872B3-5640-4397-8685-25D32C66E642}.Debug|Any CPU.Build.0 = Debug|Any CPU
		{ABF872B3-5640-4397-8685-25D32C66E642}.Release|Any CPU.ActiveCfg = Release|Any CPU
		{ABF872B3-5640-4397-8685-25D32C66E642}.Release|Any CPU.Build.0 = Release|Any CPU
	EndGlobalSection
	GlobalSection(SolutionProperties) = preSolution
		HideSolutionNode = FALSE
	EndGlobalSection
	GlobalSection(ExtensibilityGlobals) = postSolution
		SolutionGuid = {30B949DB-6FA6-4630-919C-2857EB4BA85B}
	EndGlobalSection
EndGlobal
